
Microsoft Visual Studio Solution File, Format Version 12.00
# Visual Studio 15
VisualStudioVersion = 15.0.26730.12
MinimumVisualStudioVersion = 10.0.40219.1
Project("{FAE04EC0-301F-11D3-BF4B-00C04F79EFBC}") = "Roguelike", "Roguelike\Roguelike.csproj", "{6B17D16C-67DF-4B0C-A3F1-23ADC8443D87}"
EndProject
Project("{FAE04EC0-301F-11D3-BF4B-00C04F79EFBC}") = "RoguelikeTest", "RoguelikeTest\RoguelikeTest.csproj", "{6E048795-E1D4-4D0B-9E84-98BA04EFE417}"
EndProject
Global
	GlobalSection(SolutionConfigurationPlatforms) = preSolution
		Debug|Any CPU = Debug|Any CPU
		Release|Any CPU = Release|Any CPU
	EndGlobalSection
	GlobalSection(ProjectConfigurationPlatforms) = postSolution
		{6B17D16C-67DF-4B0C-A3F1-23ADC8443D87}.Debug|Any CPU.ActiveCfg = Debug|Any CPU
		{6B17D16C-67DF-4B0C-A3F1-23ADC8443D87}.Debug|Any CPU.Build.0 = Debug|Any CPU
		{6B17D16C-67DF-4B0C-A3F1-23ADC8443D87}.Release|Any CPU.ActiveCfg = Release|Any CPU
		{6B17D16C-67DF-4B0C-A3F1-23ADC8443D87}.Release|Any CPU.Build.0 = Release|Any CPU
		{6E048795-E1D4-4D0B-9E84-98BA04EFE417}.Debug|Any CPU.ActiveCfg = Debug|Any CPU
		{6E048795-E1D4-4D0B-9E84-98BA04EFE417}.Debug|Any CPU.Build.0 = Debug|Any CPU
		{6E048795-E1D4-4D0B-9E84-98BA04EFE417}.Release|Any CPU.ActiveCfg = Release|Any CPU
		{6E048795-E1D4-4D0B-9E84-98BA04EFE417}.Release|Any CPU.Build.0 = Release|Any CPU
	EndGlobalSection
	GlobalSection(SolutionProperties) = preSolution
		HideSolutionNode = FALSE
	EndGlobalSection
	GlobalSection(ExtensibilityGlobals) = postSolution
		SolutionGuid = {4EE69856-4140-4E4F-837D-D86A684323CC}
	EndGlobalSection
EndGlobal
